
Microsoft Visual Studio Solution File, Format Version 12.00
# Visual Studio 2013
VisualStudioVersion = 12.0.31101.0
MinimumVisualStudioVersion = 10.0.40219.1
Project("{FAE04EC0-301F-11D3-BF4B-00C04F79EFBC}") = "BashCorp", "BashCorp\BashCorp.csproj", "{CAC37BA8-015E-4159-9330-95BE96AC5D43}"
EndProject
Global
	GlobalSection(SolutionConfigurationPlatforms) = preSolution
		Debug|Any CPU = Debug|Any CPU
		Release|Any CPU = Release|Any CPU
	EndGlobalSection
	GlobalSection(ProjectConfigurationPlatforms) = postSolution
		{CAC37BA8-015E-4159-9330-95BE96AC5D43}.Debug|Any CPU.ActiveCfg = Debug|Any CPU
		{CAC37BA8-015E-4159-9330-95BE96AC5D43}.Debug|Any CPU.Build.0 = Debug|Any CPU
		{CAC37BA8-015E-4159-9330-95BE96AC5D43}.Release|Any CPU.ActiveCfg = Release|Any CPU
		{CAC37BA8-015E-4159-9330-95BE96AC5D43}.Release|Any CPU.Build.0 = Release|Any CPU
	EndGlobalSection
	GlobalSection(SolutionProperties) = preSolution
		HideSolutionNode = FALSE
	EndGlobalSection
EndGlobal
